
Microsoft Visual Studio Solution File, Format Version 12.00
# Visual Studio Version 17
VisualStudioVersion = 17.3.32811.315
MinimumVisualStudioVersion = 10.0.40219.1
Project("{9A19103F-16F7-4668-BE54-9A1E7A4F7556}") = "NET6_JWT_RefreshToken_With_Identity", "NET6_JWT_RefreshToken_With_Identity.csproj", "{D1E5A628-F8EA-496D-9CFF-22BDA3B71FD0}"
EndProject
Global
	GlobalSection(SolutionConfigurationPlatforms) = preSolution
		Debug|Any CPU = Debug|Any CPU
		Release|Any CPU = Release|Any CPU
	EndGlobalSection
	GlobalSection(ProjectConfigurationPlatforms) = postSolution
		{D1E5A628-F8EA-496D-9CFF-22BDA3B71FD0}.Debug|Any CPU.ActiveCfg = Debug|Any CPU
		{D1E5A628-F8EA-496D-9CFF-22BDA3B71FD0}.Debug|Any CPU.Build.0 = Debug|Any CPU
		{D1E5A628-F8EA-496D-9CFF-22BDA3B71FD0}.Release|Any CPU.ActiveCfg = Release|Any CPU
		{D1E5A628-F8EA-496D-9CFF-22BDA3B71FD0}.Release|Any CPU.Build.0 = Release|Any CPU
	EndGlobalSection
	GlobalSection(SolutionProperties) = preSolution
		HideSolutionNode = FALSE
	EndGlobalSection
	GlobalSection(ExtensibilityGlobals) = postSolution
		SolutionGuid = {44560F62-0D91-474D-A18B-630A9C717175}
	EndGlobalSection
EndGlobal
